
Microsoft Visual Studio Solution File, Format Version 12.00
# Visual Studio Version 17
VisualStudioVersion = 17.1.32210.238
MinimumVisualStudioVersion = 10.0.40219.1
Project("{FAE04EC0-301F-11D3-BF4B-00C04F79EFBC}") = "Homework1", "Homework1\Homework1.csproj", "{04747BD0-BA83-4DC0-A391-5CF0ED8E2D6F}"
EndProject
Project("{FAE04EC0-301F-11D3-BF4B-00C04F79EFBC}") = "Homework2", "Homework2\Homework2.csproj", "{2C676EAC-A0BF-4B7B-8340-16E091B52C7D}"
EndProject
Project("{FAE04EC0-301F-11D3-BF4B-00C04F79EFBC}") = "Homework1-2", "Homework1-2\Homework1-2.csproj", "{3EE55960-4039-4A22-B359-2A84766E24BD}"
EndProject
Project("{FAE04EC0-301F-11D3-BF4B-00C04F79EFBC}") = "Homework3", "Homework3\Homework3.csproj", "{93C63BBB-CE5C-46BD-A4B6-8136ECFF41C3}"
EndProject
Global
	GlobalSection(SolutionConfigurationPlatforms) = preSolution
		Debug|Any CPU = Debug|Any CPU
		Release|Any CPU = Release|Any CPU
	EndGlobalSection
	GlobalSection(ProjectConfigurationPlatforms) = postSolution
		{04747BD0-BA83-4DC0-A391-5CF0ED8E2D6F}.Debug|Any CPU.ActiveCfg = Debug|Any CPU
		{04747BD0-BA83-4DC0-A391-5CF0ED8E2D6F}.Debug|Any CPU.Build.0 = Debug|Any CPU
		{04747BD0-BA83-4DC0-A391-5CF0ED8E2D6F}.Release|Any CPU.ActiveCfg = Release|Any CPU
		{04747BD0-BA83-4DC0-A391-5CF0ED8E2D6F}.Release|Any CPU.Build.0 = Release|Any CPU
		{2C676EAC-A0BF-4B7B-8340-16E091B52C7D}.Debug|Any CPU.ActiveCfg = Debug|Any CPU
		{2C676EAC-A0BF-4B7B-8340-16E091B52C7D}.Debug|Any CPU.Build.0 = Debug|Any CPU
		{2C676EAC-A0BF-4B7B-8340-16E091B52C7D}.Release|Any CPU.ActiveCfg = Release|Any CPU
		{2C676EAC-A0BF-4B7B-8340-16E091B52C7D}.Release|Any CPU.Build.0 = Release|Any CPU
		{3EE55960-4039-4A22-B359-2A84766E24BD}.Debug|Any CPU.ActiveCfg = Debug|Any CPU
		{3EE55960-4039-4A22-B359-2A84766E24BD}.Debug|Any CPU.Build.0 = Debug|Any CPU
		{3EE55960-4039-4A22-B359-2A84766E24BD}.Release|Any CPU.ActiveCfg = Release|Any CPU
		{3EE55960-4039-4A22-B359-2A84766E24BD}.Release|Any CPU.Build.0 = Release|Any CPU
		{93C63BBB-CE5C-46BD-A4B6-8136ECFF41C3}.Debug|Any CPU.ActiveCfg = Debug|Any CPU
		{93C63BBB-CE5C-46BD-A4B6-8136ECFF41C3}.Debug|Any CPU.Build.0 = Debug|Any CPU
		{93C63BBB-CE5C-46BD-A4B6-8136ECFF41C3}.Release|Any CPU.ActiveCfg = Release|Any CPU
		{93C63BBB-CE5C-46BD-A4B6-8136ECFF41C3}.Release|Any CPU.Build.0 = Release|Any CPU
	EndGlobalSection
	GlobalSection(SolutionProperties) = preSolution
		HideSolutionNode = FALSE
	EndGlobalSection
	GlobalSection(ExtensibilityGlobals) = postSolution
		SolutionGuid = {3868879D-051C-4AB4-9564-E4927802A52D}
	EndGlobalSection
EndGlobal
