
Microsoft Visual Studio Solution File, Format Version 12.00
# Visual Studio Version 17
VisualStudioVersion = 17.1.32210.238
MinimumVisualStudioVersion = 10.0.40219.1
Project("{FAE04EC0-301F-11D3-BF4B-00C04F79EFBC}") = "Homework1", "Homework1\Homework1.csproj", "{04747BD0-BA83-4DC0-A391-5CF0ED8E2D6F}"
EndProject
Project("{FAE04EC0-301F-11D3-BF4B-00C04F79EFBC}") = "Homework2", "Homework2\Homework2.csproj", "{2C676EAC-A0BF-4B7B-8340-16E091B52C7D}"
EndProject
Project("{FAE04EC0-301F-11D3-BF4B-00C04F79EFBC}") = "Homework1-2", "Homework1-2\Homework1-2.csproj", "{3EE55960-4039-4A22-B359-2A84766E24BD}"
EndProject
Project("{FAE04EC0-301F-11D3-BF4B-00C04F79EFBC}") = "Homework3", "Homework3\Homework3.csproj", "{93C63BBB-CE5C-46BD-A4B6-8136ECFF41C3}"
EndProject
Project("{FAE04EC0-301F-11D3-BF4B-00C04F79EFBC}") = "Homework4", "Homework4\Homework4.csproj", "{625C7E9C-2A06-41C4-9D6B-35772AEF1EE2}"
EndProject
Project("{FAE04EC0-301F-11D3-BF4B-00C04F79EFBC}") = "Homework4-2", "Homework4-2\Homework4-2.csproj", "{65245667-DD25-479A-AB90-D8399188D00B}"
EndProject
Project("{FAE04EC0-301F-11D3-BF4B-00C04F79EFBC}") = "Homework6", "Homework5\Homework6.csproj", "{A79A4D87-B810-49F7-AEC6-636B4A3E365B}"
EndProject
Project("{FAE04EC0-301F-11D3-BF4B-00C04F79EFBC}") = "Homework6-unitTest", "Homework6-unitTest\Homework6-unitTest.csproj", "{EF8482DE-AF26-4A71-8731-5B5AB04353F1}"
EndProject
Project("{FAE04EC0-301F-11D3-BF4B-00C04F79EFBC}") = "Homework7", "Homework7\Homework7.csproj", "{83030FB4-D32C-4B3D-9176-6C97466CD009}"
EndProject
Project("{FAE04EC0-301F-11D3-BF4B-00C04F79EFBC}") = "Homework8", "Homework8\Homework8.csproj", "{EDE1C8AC-5CE3-4C90-9913-4D36A75C8A19}"
EndProject
Project("{FAE04EC0-301F-11D3-BF4B-00C04F79EFBC}") = "Homework9", "Homework9\Homework9.csproj", "{D5F52BFC-017C-48D8-A782-17AF292935F8}"
EndProject
Project("{FAE04EC0-301F-11D3-BF4B-00C04F79EFBC}") = "Homework9_Form", "Homework9_Form\Homework9_Form.csproj", "{FB0E828F-9F7A-4F20-94FE-ED2A64D4C864}"
EndProject
Global
	GlobalSection(SolutionConfigurationPlatforms) = preSolution
		Debug|Any CPU = Debug|Any CPU
		Release|Any CPU = Release|Any CPU
	EndGlobalSection
	GlobalSection(ProjectConfigurationPlatforms) = postSolution
		{04747BD0-BA83-4DC0-A391-5CF0ED8E2D6F}.Debug|Any CPU.ActiveCfg = Debug|Any CPU
		{04747BD0-BA83-4DC0-A391-5CF0ED8E2D6F}.Debug|Any CPU.Build.0 = Debug|Any CPU
		{04747BD0-BA83-4DC0-A391-5CF0ED8E2D6F}.Release|Any CPU.ActiveCfg = Release|Any CPU
		{04747BD0-BA83-4DC0-A391-5CF0ED8E2D6F}.Release|Any CPU.Build.0 = Release|Any CPU
		{2C676EAC-A0BF-4B7B-8340-16E091B52C7D}.Debug|Any CPU.ActiveCfg = Debug|Any CPU
		{2C676EAC-A0BF-4B7B-8340-16E091B52C7D}.Debug|Any CPU.Build.0 = Debug|Any CPU
		{2C676EAC-A0BF-4B7B-8340-16E091B52C7D}.Release|Any CPU.ActiveCfg = Release|Any CPU
		{2C676EAC-A0BF-4B7B-8340-16E091B52C7D}.Release|Any CPU.Build.0 = Release|Any CPU
		{3EE55960-4039-4A22-B359-2A84766E24BD}.Debug|Any CPU.ActiveCfg = Debug|Any CPU
		{3EE55960-4039-4A22-B359-2A84766E24BD}.Debug|Any CPU.Build.0 = Debug|Any CPU
		{3EE55960-4039-4A22-B359-2A84766E24BD}.Release|Any CPU.ActiveCfg = Release|Any CPU
		{3EE55960-4039-4A22-B359-2A84766E24BD}.Release|Any CPU.Build.0 = Release|Any CPU
		{93C63BBB-CE5C-46BD-A4B6-8136ECFF41C3}.Debug|Any CPU.ActiveCfg = Debug|Any CPU
		{93C63BBB-CE5C-46BD-A4B6-8136ECFF41C3}.Debug|Any CPU.Build.0 = Debug|Any CPU
		{93C63BBB-CE5C-46BD-A4B6-8136ECFF41C3}.Release|Any CPU.ActiveCfg = Release|Any CPU
		{93C63BBB-CE5C-46BD-A4B6-8136ECFF41C3}.Release|Any CPU.Build.0 = Release|Any CPU
		{625C7E9C-2A06-41C4-9D6B-35772AEF1EE2}.Debug|Any CPU.ActiveCfg = Debug|Any CPU
		{625C7E9C-2A06-41C4-9D6B-35772AEF1EE2}.Debug|Any CPU.Build.0 = Debug|Any CPU
		{625C7E9C-2A06-41C4-9D6B-35772AEF1EE2}.Release|Any CPU.ActiveCfg = Release|Any CPU
		{625C7E9C-2A06-41C4-9D6B-35772AEF1EE2}.Release|Any CPU.Build.0 = Release|Any CPU
		{65245667-DD25-479A-AB90-D8399188D00B}.Debug|Any CPU.ActiveCfg = Debug|Any CPU
		{65245667-DD25-479A-AB90-D8399188D00B}.Debug|Any CPU.Build.0 = Debug|Any CPU
		{65245667-DD25-479A-AB90-D8399188D00B}.Release|Any CPU.ActiveCfg = Release|Any CPU
		{65245667-DD25-479A-AB90-D8399188D00B}.Release|Any CPU.Build.0 = Release|Any CPU
		{A79A4D87-B810-49F7-AEC6-636B4A3E365B}.Debug|Any CPU.ActiveCfg = Debug|Any CPU
		{A79A4D87-B810-49F7-AEC6-636B4A3E365B}.Debug|Any CPU.Build.0 = Debug|Any CPU
		{A79A4D87-B810-49F7-AEC6-636B4A3E365B}.Release|Any CPU.ActiveCfg = Release|Any CPU
		{A79A4D87-B810-49F7-AEC6-636B4A3E365B}.Release|Any CPU.Build.0 = Release|Any CPU
		{EF8482DE-AF26-4A71-8731-5B5AB04353F1}.Debug|Any CPU.ActiveCfg = Debug|Any CPU
		{EF8482DE-AF26-4A71-8731-5B5AB04353F1}.Debug|Any CPU.Build.0 = Debug|Any CPU
		{EF8482DE-AF26-4A71-8731-5B5AB04353F1}.Release|Any CPU.ActiveCfg = Release|Any CPU
		{EF8482DE-AF26-4A71-8731-5B5AB04353F1}.Release|Any CPU.Build.0 = Release|Any CPU
		{83030FB4-D32C-4B3D-9176-6C97466CD009}.Debug|Any CPU.ActiveCfg = Debug|Any CPU
		{83030FB4-D32C-4B3D-9176-6C97466CD009}.Debug|Any CPU.Build.0 = Debug|Any CPU
		{83030FB4-D32C-4B3D-9176-6C97466CD009}.Release|Any CPU.ActiveCfg = Release|Any CPU
		{83030FB4-D32C-4B3D-9176-6C97466CD009}.Release|Any CPU.Build.0 = Release|Any CPU
		{EDE1C8AC-5CE3-4C90-9913-4D36A75C8A19}.Debug|Any CPU.ActiveCfg = Debug|Any CPU
		{EDE1C8AC-5CE3-4C90-9913-4D36A75C8A19}.Debug|Any CPU.Build.0 = Debug|Any CPU
		{EDE1C8AC-5CE3-4C90-9913-4D36A75C8A19}.Release|Any CPU.ActiveCfg = Release|Any CPU
		{EDE1C8AC-5CE3-4C90-9913-4D36A75C8A19}.Release|Any CPU.Build.0 = Release|Any CPU
		{D5F52BFC-017C-48D8-A782-17AF292935F8}.Debug|Any CPU.ActiveCfg = Debug|Any CPU
		{D5F52BFC-017C-48D8-A782-17AF292935F8}.Debug|Any CPU.Build.0 = Debug|Any CPU
		{D5F52BFC-017C-48D8-A782-17AF292935F8}.Release|Any CPU.ActiveCfg = Release|Any CPU
		{D5F52BFC-017C-48D8-A782-17AF292935F8}.Release|Any CPU.Build.0 = Release|Any CPU
		{FB0E828F-9F7A-4F20-94FE-ED2A64D4C864}.Debug|Any CPU.ActiveCfg = Debug|Any CPU
		{FB0E828F-9F7A-4F20-94FE-ED2A64D4C864}.Debug|Any CPU.Build.0 = Debug|Any CPU
		{FB0E828F-9F7A-4F20-94FE-ED2A64D4C864}.Release|Any CPU.ActiveCfg = Release|Any CPU
		{FB0E828F-9F7A-4F20-94FE-ED2A64D4C864}.Release|Any CPU.Build.0 = Release|Any CPU
	EndGlobalSection
	GlobalSection(SolutionProperties) = preSolution
		HideSolutionNode = FALSE
	EndGlobalSection
	GlobalSection(ExtensibilityGlobals) = postSolution
		SolutionGuid = {3868879D-051C-4AB4-9564-E4927802A52D}
	EndGlobalSection
EndGlobal
